
Microsoft Visual Studio Solution File, Format Version 12.00
# Visual Studio Version 16
VisualStudioVersion = 16.0.32413.511
MinimumVisualStudioVersion = 10.0.40219.1
Project("{FAE04EC0-301F-11D3-BF4B-00C04F79EFBC}") = "задание 1", "задание 1\задание 1.csproj", "{2040638E-233B-4C73-85DF-E7648A0C99F1}"
EndProject
Global
	GlobalSection(SolutionConfigurationPlatforms) = preSolution
		Debug|Any CPU = Debug|Any CPU
		Release|Any CPU = Release|Any CPU
	EndGlobalSection
	GlobalSection(ProjectConfigurationPlatforms) = postSolution
		{2040638E-233B-4C73-85DF-E7648A0C99F1}.Debug|Any CPU.ActiveCfg = Debug|Any CPU
		{2040638E-233B-4C73-85DF-E7648A0C99F1}.Debug|Any CPU.Build.0 = Debug|Any CPU
		{2040638E-233B-4C73-85DF-E7648A0C99F1}.Release|Any CPU.ActiveCfg = Release|Any CPU
		{2040638E-233B-4C73-85DF-E7648A0C99F1}.Release|Any CPU.Build.0 = Release|Any CPU
	EndGlobalSection
	GlobalSection(SolutionProperties) = preSolution
		HideSolutionNode = FALSE
	EndGlobalSection
	GlobalSection(ExtensibilityGlobals) = postSolution
		SolutionGuid = {6557B36B-A611-4484-878E-C7FF64B31B3B}
	EndGlobalSection
EndGlobal
